// !$*UTF8*$!
{
	archiveVersion = 1;
	classes = {
	};
	objectVersion = 51;
	objects = {

/* Begin PBXBuildFile section */
		5751E1C4BB0A62474E5B3D53 /* Pods_TODO.framework in Frameworks */ = {isa = PBXBuildFile; fileRef = 33FA51281007199466B7DCB0 /* Pods_TODO.framework */; };
		C20BE08A22F3B161001E6DFE /* AppDelegate.swift in Sources */ = {isa = PBXBuildFile; fileRef = C20BE08922F3B161001E6DFE /* AppDelegate.swift */; };
		C20BE08C22F3B161001E6DFE /* TodoListViewController.swift in Sources */ = {isa = PBXBuildFile; fileRef = C20BE08B22F3B161001E6DFE /* TodoListViewController.swift */; };
		C20BE08F22F3B161001E6DFE /* Main.storyboard in Resources */ = {isa = PBXBuildFile; fileRef = C20BE08D22F3B161001E6DFE /* Main.storyboard */; };
		C20BE09122F3B163001E6DFE /* Assets.xcassets in Resources */ = {isa = PBXBuildFile; fileRef = C20BE09022F3B163001E6DFE /* Assets.xcassets */; };
		C20BE09422F3B163001E6DFE /* LaunchScreen.storyboard in Resources */ = {isa = PBXBuildFile; fileRef = C20BE09222F3B163001E6DFE /* LaunchScreen.storyboard */; };
		C26DD76A22FCB0BE005BD7DF /* SwipeTableViewController.swift in Sources */ = {isa = PBXBuildFile; fileRef = C26DD76922FCB0BE005BD7DF /* SwipeTableViewController.swift */; };
		C26EA4EB22F99BAA007982C6 /* Item.swift in Sources */ = {isa = PBXBuildFile; fileRef = C26EA4EA22F99BAA007982C6 /* Item.swift */; };
		C26EA4ED22F99BBB007982C6 /* Category.swift in Sources */ = {isa = PBXBuildFile; fileRef = C26EA4EC22F99BBB007982C6 /* Category.swift */; };
		C2C7ED1022F8602100FA5F56 /* CategoryTableViewController.swift in Sources */ = {isa = PBXBuildFile; fileRef = C2C7ED0F22F8602100FA5F56 /* CategoryTableViewController.swift */; };
/* End PBXBuildFile section */

/* Begin PBXFileReference section */
		281251AB9ECE4676AC06D6E6 /* Pods-TODO.release.xcconfig */ = {isa = PBXFileReference; includeInIndex = 1; lastKnownFileType = text.xcconfig; name = "Pods-TODO.release.xcconfig"; path = "Target Support Files/Pods-TODO/Pods-TODO.release.xcconfig"; sourceTree = "<group>"; };
		33FA51281007199466B7DCB0 /* Pods_TODO.framework */ = {isa = PBXFileReference; explicitFileType = wrapper.framework; includeInIndex = 0; path = Pods_TODO.framework; sourceTree = BUILT_PRODUCTS_DIR; };
		3739271AC8AD3C6634E517EF /* Pods-TODO.debug.xcconfig */ = {isa = PBXFileReference; includeInIndex = 1; lastKnownFileType = text.xcconfig; name = "Pods-TODO.debug.xcconfig"; path = "Target Support Files/Pods-TODO/Pods-TODO.debug.xcconfig"; sourceTree = "<group>"; };
		C20BE08622F3B161001E6DFE /* TODO.app */ = {isa = PBXFileReference; explicitFileType = wrapper.application; includeInIndex = 0; path = TODO.app; sourceTree = BUILT_PRODUCTS_DIR; };
		C20BE08922F3B161001E6DFE /* AppDelegate.swift */ = {isa = PBXFileReference; lastKnownFileType = sourcecode.swift; path = AppDelegate.swift; sourceTree = "<group>"; };
		C20BE08B22F3B161001E6DFE /* TodoListViewController.swift */ = {isa = PBXFileReference; lastKnownFileType = sourcecode.swift; path = TodoListViewController.swift; sourceTree = "<group>"; };
		C20BE08E22F3B161001E6DFE /* Base */ = {isa = PBXFileReference; lastKnownFileType = file.storyboard; name = Base; path = Base.lproj/Main.storyboard; sourceTree = "<group>"; };
		C20BE09022F3B163001E6DFE /* Assets.xcassets */ = {isa = PBXFileReference; lastKnownFileType = folder.assetcatalog; path = Assets.xcassets; sourceTree = "<group>"; };
		C20BE09322F3B163001E6DFE /* Base */ = {isa = PBXFileReference; lastKnownFileType = file.storyboard; name = Base; path = Base.lproj/LaunchScreen.storyboard; sourceTree = "<group>"; };
		C20BE09522F3B163001E6DFE /* Info.plist */ = {isa = PBXFileReference; lastKnownFileType = text.plist.xml; path = Info.plist; sourceTree = "<group>"; };
		C26DD76922FCB0BE005BD7DF /* SwipeTableViewController.swift */ = {isa = PBXFileReference; lastKnownFileType = sourcecode.swift; path = SwipeTableViewController.swift; sourceTree = "<group>"; };
		C26EA4EA22F99BAA007982C6 /* Item.swift */ = {isa = PBXFileReference; lastKnownFileType = sourcecode.swift; path = Item.swift; sourceTree = "<group>"; };
		C26EA4EC22F99BBB007982C6 /* Category.swift */ = {isa = PBXFileReference; lastKnownFileType = sourcecode.swift; path = Category.swift; sourceTree = "<group>"; };
		C2C7ED0F22F8602100FA5F56 /* CategoryTableViewController.swift */ = {isa = PBXFileReference; lastKnownFileType = sourcecode.swift; path = CategoryTableViewController.swift; sourceTree = "<group>"; };
/* End PBXFileReference section */

/* Begin PBXFrameworksBuildPhase section */
		C20BE08322F3B161001E6DFE /* Frameworks */ = {
			isa = PBXFrameworksBuildPhase;
			buildActionMask = 2147483647;
			files = (
				5751E1C4BB0A62474E5B3D53 /* Pods_TODO.framework in Frameworks */,
			);
			runOnlyForDeploymentPostprocessing = 0;
		};
/* End PBXFrameworksBuildPhase section */

/* Begin PBXGroup section */
		8AB8BDF061FDD21FE1DA991D /* Pods */ = {
			isa = PBXGroup;
			children = (
				3739271AC8AD3C6634E517EF /* Pods-TODO.debug.xcconfig */,
				281251AB9ECE4676AC06D6E6 /* Pods-TODO.release.xcconfig */,
			);
			path = Pods;
			sourceTree = "<group>";
		};
		C20BE07D22F3B161001E6DFE = {
			isa = PBXGroup;
			children = (
				C20BE08822F3B161001E6DFE /* TODO */,
				C20BE08722F3B161001E6DFE /* Products */,
				8AB8BDF061FDD21FE1DA991D /* Pods */,
				CD3A1D3A9D99A66B8D1670AE /* Frameworks */,
			);
			sourceTree = "<group>";
		};
		C20BE08722F3B161001E6DFE /* Products */ = {
			isa = PBXGroup;
			children = (
				C20BE08622F3B161001E6DFE /* TODO.app */,
			);
			name = Products;
			sourceTree = "<group>";
		};
		C20BE08822F3B161001E6DFE /* TODO */ = {
			isa = PBXGroup;
			children = (
				C20BE08922F3B161001E6DFE /* AppDelegate.swift */,
				C20BE09E22F4207F001E6DFE /* Controllers */,
				C20BE09D22F4205F001E6DFE /* Model */,
				C20BE09F22F4209E001E6DFE /* Views */,
				C20BE0A022F420BC001E6DFE /* Supporting files */,
				C20BE09522F3B163001E6DFE /* Info.plist */,
			);
			path = TODO;
			sourceTree = "<group>";
		};
		C20BE09D22F4205F001E6DFE /* Model */ = {
			isa = PBXGroup;
			children = (
				C26EA4EC22F99BBB007982C6 /* Category.swift */,
				C26EA4EA22F99BAA007982C6 /* Item.swift */,
			);
			path = Model;
			sourceTree = "<group>";
		};
		C20BE09E22F4207F001E6DFE /* Controllers */ = {
			isa = PBXGroup;
			children = (
				C2C7ED0F22F8602100FA5F56 /* CategoryTableViewController.swift */,
				C20BE08B22F3B161001E6DFE /* TodoListViewController.swift */,
				C26DD76922FCB0BE005BD7DF /* SwipeTableViewController.swift */,
			);
			path = Controllers;
			sourceTree = "<group>";
		};
		C20BE09F22F4209E001E6DFE /* Views */ = {
			isa = PBXGroup;
			children = (
				C20BE08D22F3B161001E6DFE /* Main.storyboard */,
			);
			path = Views;
			sourceTree = "<group>";
		};
		C20BE0A022F420BC001E6DFE /* Supporting files */ = {
			isa = PBXGroup;
			children = (
				C20BE09022F3B163001E6DFE /* Assets.xcassets */,
				C20BE09222F3B163001E6DFE /* LaunchScreen.storyboard */,
			);
			path = "Supporting files";
			sourceTree = "<group>";
		};
		CD3A1D3A9D99A66B8D1670AE /* Frameworks */ = {
			isa = PBXGroup;
			children = (
				33FA51281007199466B7DCB0 /* Pods_TODO.framework */,
			);
			name = Frameworks;
			sourceTree = "<group>";
		};
/* End PBXGroup section */

/* Begin PBXNativeTarget section */
		C20BE08522F3B161001E6DFE /* TODO */ = {
			isa = PBXNativeTarget;
			buildConfigurationList = C20BE09822F3B163001E6DFE /* Build configuration list for PBXNativeTarget "TODO" */;
			buildPhases = (
				B722498A10617A232DC0C2ED /* [CP] Check Pods Manifest.lock */,
				C20BE08222F3B161001E6DFE /* Sources */,
				C20BE08322F3B161001E6DFE /* Frameworks */,
				C20BE08422F3B161001E6DFE /* Resources */,
				8F00C8AE049CF594D999967F /* [CP] Embed Pods Frameworks */,
			);
			buildRules = (
			);
			dependencies = (
			);
			name = TODO;
			productName = TODO;
			productReference = C20BE08622F3B161001E6DFE /* TODO.app */;
			productType = "com.apple.product-type.application";
		};
/* End PBXNativeTarget section */

/* Begin PBXProject section */
		C20BE07E22F3B161001E6DFE /* Project object */ = {
			isa = PBXProject;
			attributes = {
				LastSwiftUpdateCheck = 1030;
				LastUpgradeCheck = 1030;
				ORGANIZATIONNAME = Awady;
				TargetAttributes = {
					C20BE08522F3B161001E6DFE = {
						CreatedOnToolsVersion = 10.3;
					};
				};
			};
			buildConfigurationList = C20BE08122F3B161001E6DFE /* Build configuration list for PBXProject "TODO" */;
			compatibilityVersion = "Xcode 9.3";
			developmentRegion = en;
			hasScannedForEncodings = 0;
			knownRegions = (
				en,
				Base,
			);
			mainGroup = C20BE07D22F3B161001E6DFE;
			productRefGroup = C20BE08722F3B161001E6DFE /* Products */;
			projectDirPath = "";
			projectRoot = "";
			targets = (
				C20BE08522F3B161001E6DFE /* TODO */,
			);
		};
/* End PBXProject section */

/* Begin PBXResourcesBuildPhase section */
		C20BE08422F3B161001E6DFE /* Resources */ = {
			isa = PBXResourcesBuildPhase;
			buildActionMask = 2147483647;
			files = (
				C20BE09422F3B163001E6DFE /* LaunchScreen.storyboard in Resources */,
				C20BE09122F3B163001E6DFE /* Assets.xcassets in Resources */,
				C20BE08F22F3B161001E6DFE /* Main.storyboard in Resources */,
			);
			runOnlyForDeploymentPostprocessing = 0;
		};
/* End PBXResourcesBuildPhase section */

/* Begin PBXShellScriptBuildPhase section */
		8F00C8AE049CF594D999967F /* [CP] Embed Pods Frameworks */ = {
			isa = PBXShellScriptBuildPhase;
			buildActionMask = 2147483647;
			files = (
			);
			inputFileListPaths = (
				"${PODS_ROOT}/Target Support Files/Pods-TODO/Pods-TODO-frameworks-${CONFIGURATION}-input-files.xcfilelist",
			);
			name = "[CP] Embed Pods Frameworks";
			outputFileListPaths = (
				"${PODS_ROOT}/Target Support Files/Pods-TODO/Pods-TODO-frameworks-${CONFIGURATION}-output-files.xcfilelist",
			);
			runOnlyForDeploymentPostprocessing = 0;
			shellPath = /bin/sh;
			shellScript = "\"${PODS_ROOT}/Target Support Files/Pods-TODO/Pods-TODO-frameworks.sh\"\n";
			showEnvVarsInLog = 0;
		};
		B722498A10617A232DC0C2ED /* [CP] Check Pods Manifest.lock */ = {
			isa = PBXShellScriptBuildPhase;
			buildActionMask = 2147483647;
			files = (
			);
			inputFileListPaths = (
			);
			inputPaths = (
				"${PODS_PODFILE_DIR_PATH}/Podfile.lock",
				"${PODS_ROOT}/Manifest.lock",
			);
			name = "[CP] Check Pods Manifest.lock";
			outputFileListPaths = (
			);
			outputPaths = (
				"$(DERIVED_FILE_DIR)/Pods-TODO-checkManifestLockResult.txt",
			);
			runOnlyForDeploymentPostprocessing = 0;
			shellPath = /bin/sh;
			shellScript = "diff \"${PODS_PODFILE_DIR_PATH}/Podfile.lock\" \"${PODS_ROOT}/Manifest.lock\" > /dev/null\nif [ $? != 0 ] ; then\n    # print error to STDERR\n    echo \"error: The sandbox is not in sync with the Podfile.lock. Run 'pod install' or update your CocoaPods installation.\" >&2\n    exit 1\nfi\n# This output is used by Xcode 'outputs' to avoid re-running this script phase.\necho \"SUCCESS\" > \"${SCRIPT_OUTPUT_FILE_0}\"\n";
			showEnvVarsInLog = 0;
		};
/* End PBXShellScriptBuildPhase section */

/* Begin PBXSourcesBuildPhase section */
		C20BE08222F3B161001E6DFE /* Sources */ = {
			isa = PBXSourcesBuildPhase;
			buildActionMask = 2147483647;
			files = (
				C26EA4EB22F99BAA007982C6 /* Item.swift in Sources */,
				C20BE08C22F3B161001E6DFE /* TodoListViewController.swift in Sources */,
				C20BE08A22F3B161001E6DFE /* AppDelegate.swift in Sources */,
				C2C7ED1022F8602100FA5F56 /* CategoryTableViewController.swift in Sources */,
				C26DD76A22FCB0BE005BD7DF /* SwipeTableViewController.swift in Sources */,
				C26EA4ED22F99BBB007982C6 /* Category.swift in Sources */,
			);
			runOnlyForDeploymentPostprocessing = 0;
		};
/* End PBXSourcesBuildPhase section */

/* Begin PBXVariantGroup section */
		C20BE08D22F3B161001E6DFE /* Main.storyboard */ = {
			isa = PBXVariantGroup;
			children = (
				C20BE08E22F3B161001E6DFE /* Base */,
			);
			name = Main.storyboard;
			sourceTree = "<group>";
		};
		C20BE09222F3B163001E6DFE /* LaunchScreen.storyboard */ = {
			isa = PBXVariantGroup;
			children = (
				C20BE09322F3B163001E6DFE /* Base */,
			);
			name = LaunchScreen.storyboard;
			sourceTree = "<group>";
		};
/* End PBXVariantGroup section */

/* Begin XCBuildConfiguration section */
		C20BE09622F3B163001E6DFE /* Debug */ = {
			isa = XCBuildConfiguration;
			buildSettings = {
				ALWAYS_SEARCH_USER_PATHS = NO;
				CLANG_ANALYZER_NONNULL = YES;
				CLANG_ANALYZER_NUMBER_OBJECT_CONVERSION = YES_AGGRESSIVE;
				CLANG_CXX_LANGUAGE_STANDARD = "gnu++14";
				CLANG_CXX_LIBRARY = "libc++";
				CLANG_ENABLE_MODULES = YES;
				CLANG_ENABLE_OBJC_ARC = YES;
				CLANG_ENABLE_OBJC_WEAK = YES;
				CLANG_WARN_BLOCK_CAPTURE_AUTORELEASING = YES;
				CLANG_WARN_BOOL_CONVERSION = YES;
				CLANG_WARN_COMMA = YES;
				CLANG_WARN_CONSTANT_CONVERSION = YES;
				CLANG_WARN_DEPRECATED_OBJC_IMPLEMENTATIONS = YES;
				CLANG_WARN_DIRECT_OBJC_ISA_USAGE = YES_ERROR;
				CLANG_WARN_DOCUMENTATION_COMMENTS = YES;
				CLANG_WARN_EMPTY_BODY = YES;
				CLANG_WARN_ENUM_CONVERSION = YES;
				CLANG_WARN_INFINITE_RECURSION = YES;
				CLANG_WARN_INT_CONVERSION = YES;
				CLANG_WARN_NON_LITERAL_NULL_CONVERSION = YES;
				CLANG_WARN_OBJC_IMPLICIT_RETAIN_SELF = YES;
				CLANG_WARN_OBJC_LITERAL_CONVERSION = YES;
				CLANG_WARN_OBJC_ROOT_CLASS = YES_ERROR;
				CLANG_WARN_RANGE_LOOP_ANALYSIS = YES;
				CLANG_WARN_STRICT_PROTOTYPES = YES;
				CLANG_WARN_SUSPICIOUS_MOVE = YES;
				CLANG_WARN_UNGUARDED_AVAILABILITY = YES_AGGRESSIVE;
				CLANG_WARN_UNREACHABLE_CODE = YES;
				CLANG_WARN__DUPLICATE_METHOD_MATCH = YES;
				CODE_SIGN_IDENTITY = "iPhone Developer";
				COPY_PHASE_STRIP = NO;
				DEBUG_INFORMATION_FORMAT = dwarf;
				ENABLE_STRICT_OBJC_MSGSEND = YES;
				ENABLE_TESTABILITY = YES;
				GCC_C_LANGUAGE_STANDARD = gnu11;
				GCC_DYNAMIC_NO_PIC = NO;
				GCC_NO_COMMON_BLOCKS = YES;
				GCC_OPTIMIZATION_LEVEL = 0;
				GCC_PREPROCESSOR_DEFINITIONS = (
					"DEBUG=1",
					"$(inherited)",
				);
				GCC_WARN_64_TO_32_BIT_CONVERSION = YES;
				GCC_WARN_ABOUT_RETURN_TYPE = YES_ERROR;
				GCC_WARN_UNDECLARED_SELECTOR = YES;
				GCC_WARN_UNINITIALIZED_AUTOS = YES_AGGRESSIVE;
				GCC_WARN_UNUSED_FUNCTION = YES;
				GCC_WARN_UNUSED_VARIABLE = YES;
				IPHONEOS_DEPLOYMENT_TARGET = 12.4;
				MTL_ENABLE_DEBUG_INFO = INCLUDE_SOURCE;
				MTL_FAST_MATH = YES;
				ONLY_ACTIVE_ARCH = YES;
				SDKROOT = iphoneos;
				SWIFT_ACTIVE_COMPILATION_CONDITIONS = DEBUG;
				SWIFT_OPTIMIZATION_LEVEL = "-Onone";
			};
			name = Debug;
		};
		C20BE09722F3B163001E6DFE /* Release */ = {
			isa = XCBuildConfiguration;
			buildSettings = {
				ALWAYS_SEARCH_USER_PATHS = NO;
				CLANG_ANALYZER_NONNULL = YES;
				CLANG_ANALYZER_NUMBER_OBJECT_CONVERSION = YES_AGGRESSIVE;
				CLANG_CXX_LANGUAGE_STANDARD = "gnu++14";
				CLANG_CXX_LIBRARY = "libc++";
				CLANG_ENABLE_MODULES = YES;
				CLANG_ENABLE_OBJC_ARC = YES;
				CLANG_ENABLE_OBJC_WEAK = YES;
				CLANG_WARN_BLOCK_CAPTURE_AUTORELEASING = YES;
				CLANG_WARN_BOOL_CONVERSION = YES;
				CLANG_WARN_COMMA = YES;
				CLANG_WARN_CONSTANT_CONVERSION = YES;
				CLANG_WARN_DEPRECATED_OBJC_IMPLEMENTATIONS = YES;
				CLANG_WARN_DIRECT_OBJC_ISA_USAGE = YES_ERROR;
				CLANG_WARN_DOCUMENTATION_COMMENTS = YES;
				CLANG_WARN_EMPTY_BODY = YES;
				CLANG_WARN_ENUM_CONVERSION = YES;
				CLANG_WARN_INFINITE_RECURSION = YES;
				CLANG_WARN_INT_CONVERSION = YES;
				CLANG_WARN_NON_LITERAL_NULL_CONVERSION = YES;
				CLANG_WARN_OBJC_IMPLICIT_RETAIN_SELF = YES;
				CLANG_WARN_OBJC_LITERAL_CONVERSION = YES;
				CLANG_WARN_OBJC_ROOT_CLASS = YES_ERROR;
				CLANG_WARN_RANGE_LOOP_ANALYSIS = YES;
				CLANG_WARN_STRICT_PROTOTYPES = YES;
				CLANG_WARN_SUSPICIOUS_MOVE = YES;
				CLANG_WARN_UNGUARDED_AVAILABILITY = YES_AGGRESSIVE;
				CLANG_WARN_UNREACHABLE_CODE = YES;
				CLANG_WARN__DUPLICATE_METHOD_MATCH = YES;
				CODE_SIGN_IDENTITY = "iPhone Developer";
				COPY_PHASE_STRIP = NO;
				DEBUG_INFORMATION_FORMAT = "dwarf-with-dsym";
				ENABLE_NS_ASSERTIONS = NO;
				ENABLE_STRICT_OBJC_MSGSEND = YES;
				GCC_C_LANGUAGE_STANDARD = gnu11;
				GCC_NO_COMMON_BLOCKS = YES;
				GCC_WARN_64_TO_32_BIT_CONVERSION = YES;
				GCC_WARN_ABOUT_RETURN_TYPE = YES_ERROR;
				GCC_WARN_UNDECLARED_SELECTOR = YES;
				GCC_WARN_UNINITIALIZED_AUTOS = YES_AGGRESSIVE;
				GCC_WARN_UNUSED_FUNCTION = YES;
				GCC_WARN_UNUSED_VARIABLE = YES;
				IPHONEOS_DEPLOYMENT_TARGET = 12.4;
				MTL_ENABLE_DEBUG_INFO = NO;
				MTL_FAST_MATH = YES;
				SDKROOT = iphoneos;
				SWIFT_COMPILATION_MODE = wholemodule;
				SWIFT_OPTIMIZATION_LEVEL = "-O";
				VALIDATE_PRODUCT = YES;
			};
			name = Release;
		};
		C20BE09922F3B163001E6DFE /* Debug */ = {
			isa = XCBuildConfiguration;
			baseConfigurationReference = 3739271AC8AD3C6634E517EF /* Pods-TODO.debug.xcconfig */;
			buildSettings = {
				ASSETCATALOG_COMPILER_APPICON_NAME = AppIcon;
				CODE_SIGN_STYLE = Automatic;
				INFOPLIST_FILE = TODO/Info.plist;
				LD_RUNPATH_SEARCH_PATHS = (
					"$(inherited)",
					"@executable_path/Frameworks",
				);
				PRODUCT_BUNDLE_IDENTIFIER = com.awady.TODO;
				PRODUCT_NAME = "$(TARGET_NAME)";
				SWIFT_VERSION = 5.0;
				TARGETED_DEVICE_FAMILY = "1,2";
			};
			name = Debug;
		};
		C20BE09A22F3B163001E6DFE /* Release */ = {
			isa = XCBuildConfiguration;
			baseConfigurationReference = 281251AB9ECE4676AC06D6E6 /* Pods-TODO.release.xcconfig */;
			buildSettings = {
				ASSETCATALOG_COMPILER_APPICON_NAME = AppIcon;
				CODE_SIGN_STYLE = Automatic;
				INFOPLIST_FILE = TODO/Info.plist;
				LD_RUNPATH_SEARCH_PATHS = (
					"$(inherited)",
					"@executable_path/Frameworks",
				);
				PRODUCT_BUNDLE_IDENTIFIER = com.awady.TODO;
				PRODUCT_NAME = "$(TARGET_NAME)";
				SWIFT_VERSION = 5.0;
				TARGETED_DEVICE_FAMILY = "1,2";
			};
			name = Release;
		};
/* End XCBuildConfiguration section */

/* Begin XCConfigurationList section */
		C20BE08122F3B161001E6DFE /* Build configuration list for PBXProject "TODO" */ = {
			isa = XCConfigurationList;
			buildConfigurations = (
				C20BE09622F3B163001E6DFE /* Debug */,
				C20BE09722F3B163001E6DFE /* Release */,
			);
			defaultConfigurationIsVisible = 0;
			defaultConfigurationName = Release;
		};
		C20BE09822F3B163001E6DFE /* Build configuration list for PBXNativeTarget "TODO" */ = {
			isa = XCConfigurationList;
			buildConfigurations = (
				C20BE09922F3B163001E6DFE /* Debug */,
				C20BE09A22F3B163001E6DFE /* Release */,
			);
			defaultConfigurationIsVisible = 0;
			defaultConfigurationName = Release;
		};
/* End XCConfigurationList section */
	};
	rootObject = C20BE07E22F3B161001E6DFE /* Project object */;
}
